
Microsoft Visual Studio Solution File, Format Version 12.00
# Visual Studio Version 16
VisualStudioVersion = 16.0.29209.62
MinimumVisualStudioVersion = 10.0.40219.1
Project("{FAE04EC0-301F-11D3-BF4B-00C04F79EFBC}") = "Composition", "Composition\Composition.csproj", "{83365C12-EA6B-4B31-8C79-8CE6FF9E356A}"
EndProject
Project("{FAE04EC0-301F-11D3-BF4B-00C04F79EFBC}") = "Composition.Entities", "Composition.Entities\Composition.Entities.csproj", "{680AE97F-0FD7-4C1C-91C6-A7CCE2E65392}"
EndProject
Project("{FAE04EC0-301F-11D3-BF4B-00C04F79EFBC}") = "Composition.UnitTests", "Composition.UnitTests\Composition.UnitTests.csproj", "{C6B1DDC3-0866-4706-965A-423DFF576C4B}"
EndProject
Global
	GlobalSection(SolutionConfigurationPlatforms) = preSolution
		Debug|Any CPU = Debug|Any CPU
		Release|Any CPU = Release|Any CPU
	EndGlobalSection
	GlobalSection(ProjectConfigurationPlatforms) = postSolution
		{83365C12-EA6B-4B31-8C79-8CE6FF9E356A}.Debug|Any CPU.ActiveCfg = Debug|Any CPU
		{83365C12-EA6B-4B31-8C79-8CE6FF9E356A}.Debug|Any CPU.Build.0 = Debug|Any CPU
		{83365C12-EA6B-4B31-8C79-8CE6FF9E356A}.Release|Any CPU.ActiveCfg = Release|Any CPU
		{83365C12-EA6B-4B31-8C79-8CE6FF9E356A}.Release|Any CPU.Build.0 = Release|Any CPU
		{680AE97F-0FD7-4C1C-91C6-A7CCE2E65392}.Debug|Any CPU.ActiveCfg = Debug|Any CPU
		{680AE97F-0FD7-4C1C-91C6-A7CCE2E65392}.Debug|Any CPU.Build.0 = Debug|Any CPU
		{680AE97F-0FD7-4C1C-91C6-A7CCE2E65392}.Release|Any CPU.ActiveCfg = Release|Any CPU
		{680AE97F-0FD7-4C1C-91C6-A7CCE2E65392}.Release|Any CPU.Build.0 = Release|Any CPU
		{C6B1DDC3-0866-4706-965A-423DFF576C4B}.Debug|Any CPU.ActiveCfg = Debug|Any CPU
		{C6B1DDC3-0866-4706-965A-423DFF576C4B}.Debug|Any CPU.Build.0 = Debug|Any CPU
		{C6B1DDC3-0866-4706-965A-423DFF576C4B}.Release|Any CPU.ActiveCfg = Release|Any CPU
		{C6B1DDC3-0866-4706-965A-423DFF576C4B}.Release|Any CPU.Build.0 = Release|Any CPU
	EndGlobalSection
	GlobalSection(SolutionProperties) = preSolution
		HideSolutionNode = FALSE
	EndGlobalSection
	GlobalSection(ExtensibilityGlobals) = postSolution
		SolutionGuid = {16AFF8FC-390A-4493-B93D-E37ABDCD2AB2}
	EndGlobalSection
EndGlobal
